
Microsoft Visual Studio Solution File, Format Version 11.00
# Visual Studio 2010
Project("{FAE04EC0-301F-11D3-BF4B-00C04F79EFBC}") = "Assembly-CSharp", "Assembly-CSharp.csproj", "{154B38DD-9C6B-5E9D-9F98-2F07289B53DE}"
EndProject
Project("{FAE04EC0-301F-11D3-BF4B-00C04F79EFBC}") = "Assembly-CSharp-Editor", "Assembly-CSharp-Editor.csproj", "{CDEEA5CC-AE56-EB08-C658-A91B10C082F1}"
EndProject
Global
	GlobalSection(SolutionConfigurationPlatforms) = preSolution
		Debug|Any CPU = Debug|Any CPU
		Release|Any CPU = Release|Any CPU
	EndGlobalSection
	GlobalSection(ProjectConfigurationPlatforms) = postSolution
		{154B38DD-9C6B-5E9D-9F98-2F07289B53DE}.Debug|Any CPU.ActiveCfg = Debug|Any CPU
		{154B38DD-9C6B-5E9D-9F98-2F07289B53DE}.Debug|Any CPU.Build.0 = Debug|Any CPU
		{154B38DD-9C6B-5E9D-9F98-2F07289B53DE}.Release|Any CPU.ActiveCfg = Release|Any CPU
		{154B38DD-9C6B-5E9D-9F98-2F07289B53DE}.Release|Any CPU.Build.0 = Release|Any CPU
		{CDEEA5CC-AE56-EB08-C658-A91B10C082F1}.Debug|Any CPU.ActiveCfg = Debug|Any CPU
		{CDEEA5CC-AE56-EB08-C658-A91B10C082F1}.Debug|Any CPU.Build.0 = Debug|Any CPU
		{CDEEA5CC-AE56-EB08-C658-A91B10C082F1}.Release|Any CPU.ActiveCfg = Release|Any CPU
		{CDEEA5CC-AE56-EB08-C658-A91B10C082F1}.Release|Any CPU.Build.0 = Release|Any CPU
	EndGlobalSection
	GlobalSection(SolutionProperties) = preSolution
		HideSolutionNode = FALSE
	EndGlobalSection
	GlobalSection(MonoDevelopProperties) = preSolution
		StartupItem = Assembly-CSharp.csproj
	EndGlobalSection
EndGlobal
