
Microsoft Visual Studio Solution File, Format Version 11.00
# Visual Studio 2010
Project("{FAE04EC0-301F-11D3-BF4B-00C04F79EFBC}") = "Assembly-CSharp", "Assembly-CSharp.csproj", "{3E284D17-A41A-F8DE-7383-D23BDDB12CAF}"
EndProject
Project("{FAE04EC0-301F-11D3-BF4B-00C04F79EFBC}") = "Assembly-CSharp-Editor", "Assembly-CSharp-Editor.csproj", "{662E624B-E4FA-F3C9-55F6-EF12BD480FE6}"
EndProject
Global
	GlobalSection(SolutionConfigurationPlatforms) = preSolution
		Debug|Any CPU = Debug|Any CPU
		Release|Any CPU = Release|Any CPU
	EndGlobalSection
	GlobalSection(ProjectConfigurationPlatforms) = postSolution
		{3E284D17-A41A-F8DE-7383-D23BDDB12CAF}.Debug|Any CPU.ActiveCfg = Debug|Any CPU
		{3E284D17-A41A-F8DE-7383-D23BDDB12CAF}.Debug|Any CPU.Build.0 = Debug|Any CPU
		{3E284D17-A41A-F8DE-7383-D23BDDB12CAF}.Release|Any CPU.ActiveCfg = Release|Any CPU
		{3E284D17-A41A-F8DE-7383-D23BDDB12CAF}.Release|Any CPU.Build.0 = Release|Any CPU
		{662E624B-E4FA-F3C9-55F6-EF12BD480FE6}.Debug|Any CPU.ActiveCfg = Debug|Any CPU
		{662E624B-E4FA-F3C9-55F6-EF12BD480FE6}.Debug|Any CPU.Build.0 = Debug|Any CPU
		{662E624B-E4FA-F3C9-55F6-EF12BD480FE6}.Release|Any CPU.ActiveCfg = Release|Any CPU
		{662E624B-E4FA-F3C9-55F6-EF12BD480FE6}.Release|Any CPU.Build.0 = Release|Any CPU
	EndGlobalSection
	GlobalSection(SolutionProperties) = preSolution
		HideSolutionNode = FALSE
	EndGlobalSection
	GlobalSection(MonoDevelopProperties) = preSolution
		StartupItem = Assembly-CSharp.csproj
	EndGlobalSection
EndGlobal
